
Microsoft Visual Studio Solution File, Format Version 12.00
# Visual Studio Version 16
VisualStudioVersion = 16.0.32106.194
MinimumVisualStudioVersion = 10.0.40219.1
Project("{FAE04EC0-301F-11D3-BF4B-00C04F79EFBC}") = "ProjectManagment", "ProjectManagment\ProjectManagment.csproj", "{6F9A47E3-C4FB-41DA-8582-FC6A8021E8E1}"
EndProject
Project("{FAE04EC0-301F-11D3-BF4B-00C04F79EFBC}") = "EntityLayer", "EntityLayer\EntityLayer.csproj", "{F0CAD241-9706-43F4-AC22-E5895E08E403}"
EndProject
Project("{FAE04EC0-301F-11D3-BF4B-00C04F79EFBC}") = "BusinessLogicLayer", "BusinessLogicLayer\BusinessLogicLayer.csproj", "{9640D33D-C3F6-4B03-9B62-DB282AF3BE52}"
EndProject
Project("{FAE04EC0-301F-11D3-BF4B-00C04F79EFBC}") = "FacadeLayer", "FacadeLayer\FacadeLayer.csproj", "{65860BD2-F59F-4622-899E-364285F0F0EB}"
EndProject
Global
	GlobalSection(SolutionConfigurationPlatforms) = preSolution
		Debug|Any CPU = Debug|Any CPU
		Release|Any CPU = Release|Any CPU
	EndGlobalSection
	GlobalSection(ProjectConfigurationPlatforms) = postSolution
		{6F9A47E3-C4FB-41DA-8582-FC6A8021E8E1}.Debug|Any CPU.ActiveCfg = Debug|Any CPU
		{6F9A47E3-C4FB-41DA-8582-FC6A8021E8E1}.Debug|Any CPU.Build.0 = Debug|Any CPU
		{6F9A47E3-C4FB-41DA-8582-FC6A8021E8E1}.Release|Any CPU.ActiveCfg = Release|Any CPU
		{6F9A47E3-C4FB-41DA-8582-FC6A8021E8E1}.Release|Any CPU.Build.0 = Release|Any CPU
		{F0CAD241-9706-43F4-AC22-E5895E08E403}.Debug|Any CPU.ActiveCfg = Debug|Any CPU
		{F0CAD241-9706-43F4-AC22-E5895E08E403}.Debug|Any CPU.Build.0 = Debug|Any CPU
		{F0CAD241-9706-43F4-AC22-E5895E08E403}.Release|Any CPU.ActiveCfg = Release|Any CPU
		{F0CAD241-9706-43F4-AC22-E5895E08E403}.Release|Any CPU.Build.0 = Release|Any CPU
		{9640D33D-C3F6-4B03-9B62-DB282AF3BE52}.Debug|Any CPU.ActiveCfg = Debug|Any CPU
		{9640D33D-C3F6-4B03-9B62-DB282AF3BE52}.Debug|Any CPU.Build.0 = Debug|Any CPU
		{9640D33D-C3F6-4B03-9B62-DB282AF3BE52}.Release|Any CPU.ActiveCfg = Release|Any CPU
		{9640D33D-C3F6-4B03-9B62-DB282AF3BE52}.Release|Any CPU.Build.0 = Release|Any CPU
		{65860BD2-F59F-4622-899E-364285F0F0EB}.Debug|Any CPU.ActiveCfg = Debug|Any CPU
		{65860BD2-F59F-4622-899E-364285F0F0EB}.Debug|Any CPU.Build.0 = Debug|Any CPU
		{65860BD2-F59F-4622-899E-364285F0F0EB}.Release|Any CPU.ActiveCfg = Release|Any CPU
		{65860BD2-F59F-4622-899E-364285F0F0EB}.Release|Any CPU.Build.0 = Release|Any CPU
	EndGlobalSection
	GlobalSection(SolutionProperties) = preSolution
		HideSolutionNode = FALSE
	EndGlobalSection
	GlobalSection(ExtensibilityGlobals) = postSolution
		SolutionGuid = {FA69D0EF-57B2-4168-BC79-9AE0C7A2CDF8}
	EndGlobalSection
EndGlobal
